{
  "version": 4,
  "terraform_version": "1.14.3",
  "serial": 6,
  "lineage": "7bef569c-5e1f-58f8-74f6-f2fc3dd723c0",
  "outputs": {},
  "resources": [
    {
      "mode": "managed",
      "type": "aws_key_pair",
      "name": "forex_key",
      "provider": "provider[\"registry.terraform.io/hashicorp/aws\"]",
      "instances": [
        {
          "schema_version": 1,
          "attributes": {
            "arn": "arn:aws:ec2:eu-west-3:401121011947:key-pair/forex-deploy",
            "fingerprint": "DQ006lnBHHV7CQ/TifM6ftUrOWT/rdojcJReg/nniok=",
            "id": "forex-deploy",
            "key_name": "forex-deploy",
            "key_name_prefix": "",
            "key_pair_id": "key-05f7ad77e385d691a",
            "key_type": "ed25519",
            "public_key": "ssh-ed25519 AAAAC3NzaC1lZDI1NTE5AAAAIIOq/weSb20kDgrkI8Oo3Lfu1Ga7pE3XpHX/z21uvu+x github-actions",
            "region": "eu-west-3",
            "tags": {},
            "tags_all": {}
          },
          "sensitive_attributes": [],
          "identity_schema_version": 0,
          "private": "eyJzY2hlbWFfdmVyc2lvbiI6IjEifQ=="
        }
      ]
    },
    {
      "mode": "managed",
      "type": "aws_security_group",
      "name": "ec2_sg",
      "provider": "provider[\"registry.terraform.io/hashicorp/aws\"]",
      "instances": [
        {
          "schema_version": 1,
          "attributes": {
            "arn": "arn:aws:ec2:eu-west-3:401121011947:security-group/sg-06a9e997f75f40216",
            "description": "Allow SSH access",
            "egress": [
              {
                "cidr_blocks": [
                  "0.0.0.0/0"
                ],
                "description": "",
                "from_port": 0,
                "ipv6_cidr_blocks": [],
                "prefix_list_ids": [],
                "protocol": "-1",
                "security_groups": [],
                "self": false,
                "to_port": 0
              }
            ],
            "id": "sg-06a9e997f75f40216",
            "ingress": [
              {
                "cidr_blocks": [
                  "0.0.0.0/0"
                ],
                "description": "SSH",
                "from_port": 22,
                "ipv6_cidr_blocks": [],
                "prefix_list_ids": [],
                "protocol": "tcp",
                "security_groups": [],
                "self": false,
                "to_port": 22
              }
            ],
            "name": "forex-ec2-sg",
            "name_prefix": "",
            "owner_id": "401121011947",
            "region": "eu-west-3",
            "revoke_rules_on_delete": false,
            "tags": {
              "Name": "forex-ec2-sg"
            },
            "tags_all": {
              "Name": "forex-ec2-sg"
            },
            "timeouts": null,
            "vpc_id": "vpc-05c2678d9b75508ab"
          },
          "sensitive_attributes": [],
          "identity_schema_version": 0,
          "identity": {
            "account_id": "401121011947",
            "id": "sg-06a9e997f75f40216",
            "region": "eu-west-3"
          },
          "private": "eyJlMmJmYjczMC1lY2FhLTExZTYtOGY4OC0zNDM2M2JjN2M0YzAiOnsiY3JlYXRlIjo2MDAwMDAwMDAwMDAsImRlbGV0ZSI6OTAwMDAwMDAwMDAwfSwic2NoZW1hX3ZlcnNpb24iOiIxIn0="
        }
      ]
    }
  ],
  "check_results": null
}
